<?xml version="1.0" encoding="utf-8"?>
<Project ToolsVersion="4.0" xmlns="http://schemas.microsoft.com/developer/msbuild/2003">
  <ItemGroup>
    <Filter Include="Common">
      <UniqueIdentifier>{e9f304b9-19ad-4316-a110-dabe6cc03bdc}</UniqueIdentifier>
    </Filter>
    <Filter Include="Common\IrrXML">
      <UniqueIdentifier>{a1c021af-e58f-4bc4-b544-9049698643f2}</UniqueIdentifier>
    </Filter>
    <Filter Include="FileSystem">
      <UniqueIdentifier>{b225c515-2b76-4328-8311-de0aa9f66b6d}</UniqueIdentifier>
    </Filter>
    <Filter Include="Graphics">
      <UniqueIdentifier>{0966eda5-d8be-4021-aaf9-8c0983ac1c88}</UniqueIdentifier>
    </Filter>
    <Filter Include="Graphics\NVTriStrip">
      <UniqueIdentifier>{df7a9163-72eb-40e1-9b81-cd569b37836e}</UniqueIdentifier>
    </Filter>
    <Filter Include="Test">
      <UniqueIdentifier>{ef60c1bc-1569-4763-a3df-07fde2eb8acb}</UniqueIdentifier>
    </Filter>
  </ItemGroup>
  <ItemGroup>
    <ClCompile Include="..\Common\BscArrayTable.cpp">
      <Filter>Common</Filter>
    </ClCompile>
    <ClCompile Include="..\Common\BscExprLib.cpp">
      <Filter>Common</Filter>
    </ClCompile>
    <ClCompile Include="..\Common\BscLexer.cpp">
      <Filter>Common</Filter>
    </ClCompile>
    <ClCompile Include="..\Common\BscParseLib.cpp">
      <Filter>Common</Filter>
    </ClCompile>
    <ClCompile Include="..\Common\BscVarTable.cpp">
      <Filter>Common</Filter>
    </ClCompile>
    <ClCompile Include="..\Common\common_afx.cpp">
      <Filter>Common</Filter>
    </ClCompile>
    <ClCompile Include="..\Common\MAABox.cpp">
      <Filter>Common</Filter>
    </ClCompile>
    <ClCompile Include="..\Common\MCone.cpp">
      <Filter>Common</Filter>
    </ClCompile>
    <ClCompile Include="..\Common\MLine.cpp">
      <Filter>Common</Filter>
    </ClCompile>
    <ClCompile Include="..\Common\MLineSegment.cpp">
      <Filter>Common</Filter>
    </ClCompile>
    <ClCompile Include="..\Common\MMat3x3.cpp">
      <Filter>Common</Filter>
    </ClCompile>
    <ClCompile Include="..\Common\MMat4x4.cpp">
      <Filter>Common</Filter>
    </ClCompile>
    <ClCompile Include="..\Common\MMat4x4Array.cpp">
      <Filter>Common</Filter>
    </ClCompile>
    <ClCompile Include="..\Common\MOBox.cpp">
      <Filter>Common</Filter>
    </ClCompile>
    <ClCompile Include="..\Common\MPlane.cpp">
      <Filter>Common</Filter>
    </ClCompile>
    <ClCompile Include="..\Common\MQuat.cpp">
      <Filter>Common</Filter>
    </ClCompile>
    <ClCompile Include="..\Common\MRay.cpp">
      <Filter>Common</Filter>
    </ClCompile>
    <ClCompile Include="..\Common\MSphere.cpp">
      <Filter>Common</Filter>
    </ClCompile>
    <ClCompile Include="..\Common\MSVD.cpp">
      <Filter>Common</Filter>
    </ClCompile>
    <ClCompile Include="..\Common\MTransform.cpp">
      <Filter>Common</Filter>
    </ClCompile>
    <ClCompile Include="..\Common\MVec2.cpp">
      <Filter>Common</Filter>
    </ClCompile>
    <ClCompile Include="..\Common\MVec3.cpp">
      <Filter>Common</Filter>
    </ClCompile>
    <ClCompile Include="..\Common\MVec4.cpp">
      <Filter>Common</Filter>
    </ClCompile>
    <ClCompile Include="..\Common\RFile.cpp">
      <Filter>Common</Filter>
    </ClCompile>
    <ClCompile Include="..\Common\RFileMgr.cpp">
      <Filter>Common</Filter>
    </ClCompile>
    <ClCompile Include="..\Common\RFilePipe.cpp">
      <Filter>Common</Filter>
    </ClCompile>
    <ClCompile Include="..\Common\RRsrc.cpp">
      <Filter>Common</Filter>
    </ClCompile>
    <ClCompile Include="..\Common\RRsrcMgr.cpp">
      <Filter>Common</Filter>
    </ClCompile>
    <ClCompile Include="..\Common\ThArray.cpp">
      <Filter>Common</Filter>
    </ClCompile>
    <ClCompile Include="..\Common\ThBuffer.cpp">
      <Filter>Common</Filter>
    </ClCompile>
    <ClCompile Include="..\Common\ThPipe.cpp">
      <Filter>Common</Filter>
    </ClCompile>
    <ClCompile Include="..\Common\ThPipeReader.cpp">
      <Filter>Common</Filter>
    </ClCompile>
    <ClCompile Include="..\Common\ThPipeWriter.cpp">
      <Filter>Common</Filter>
    </ClCompile>
    <ClCompile Include="..\Common\ThPrim.cpp">
      <Filter>Common</Filter>
    </ClCompile>
    <ClCompile Include="..\Common\ThQueue.cpp">
      <Filter>Common</Filter>
    </ClCompile>
    <ClCompile Include="..\Common\ThRingBuffer.cpp">
      <Filter>Common</Filter>
    </ClCompile>
    <ClCompile Include="..\Common\ThSection.cpp">
      <Filter>Common</Filter>
    </ClCompile>
    <ClCompile Include="..\Common\ThSignal.cpp">
      <Filter>Common</Filter>
    </ClCompile>
    <ClCompile Include="..\Common\ThThread.cpp">
      <Filter>Common</Filter>
    </ClCompile>
    <ClCompile Include="..\Common\UBitArray.cpp">
      <Filter>Common</Filter>
    </ClCompile>
    <ClCompile Include="..\Common\UBitReader.cpp">
      <Filter>Common</Filter>
    </ClCompile>
    <ClCompile Include="..\Common\UBitWriter.cpp">
      <Filter>Common</Filter>
    </ClCompile>
    <ClCompile Include="..\Common\UBlockAllocator.cpp">
      <Filter>Common</Filter>
    </ClCompile>
    <ClCompile Include="..\Common\UBuffer.cpp">
      <Filter>Common</Filter>
    </ClCompile>
    <ClCompile Include="..\Common\UExpr.cpp">
      <Filter>Common</Filter>
    </ClCompile>
    <ClCompile Include="..\Common\UExprArray.cpp">
      <Filter>Common</Filter>
    </ClCompile>
    <ClCompile Include="..\Common\UExprArrayRef.cpp">
      <Filter>Common</Filter>
    </ClCompile>
    <ClCompile Include="..\Common\UExprCallback.cpp">
      <Filter>Common</Filter>
    </ClCompile>
    <ClCompile Include="..\Common\UExprMgr.cpp">
      <Filter>Common</Filter>
    </ClCompile>
    <ClCompile Include="..\Common\UExprNumber.cpp">
      <Filter>Common</Filter>
    </ClCompile>
    <ClCompile Include="..\Common\UExprTerm.cpp">
      <Filter>Common</Filter>
    </ClCompile>
    <ClCompile Include="..\Common\UFixed.cpp">
      <Filter>Common</Filter>
    </ClCompile>
    <ClCompile Include="..\Common\UHuffman.cpp">
      <Filter>Common</Filter>
    </ClCompile>
    <ClCompile Include="..\Common\ULexer.cpp">
      <Filter>Common</Filter>
    </ClCompile>
    <ClCompile Include="..\Common\UObjectPool.cpp">
      <Filter>Common</Filter>
    </ClCompile>
    <ClCompile Include="..\Common\UPath.cpp">
      <Filter>Common</Filter>
    </ClCompile>
    <ClCompile Include="..\Common\URand.cpp">
      <Filter>Common</Filter>
    </ClCompile>
    <ClCompile Include="..\Common\UReader.cpp">
      <Filter>Common</Filter>
    </ClCompile>
    <ClCompile Include="..\Common\URect.cpp">
      <Filter>Common</Filter>
    </ClCompile>
    <ClCompile Include="..\Common\URefArray.cpp">
      <Filter>Common</Filter>
    </ClCompile>
    <ClCompile Include="..\Common\URefCount.cpp">
      <Filter>Common</Filter>
    </ClCompile>
    <ClCompile Include="..\Common\URefCountMT.cpp">
      <Filter>Common</Filter>
    </ClCompile>
    <ClCompile Include="..\Common\URLE.cpp">
      <Filter>Common</Filter>
    </ClCompile>
    <ClCompile Include="..\Common\UTable.cpp">
      <Filter>Common</Filter>
    </ClCompile>
    <ClCompile Include="..\Common\UTime.cpp">
      <Filter>Common</Filter>
    </ClCompile>
    <ClCompile Include="..\Common\UTimer.cpp">
      <Filter>Common</Filter>
    </ClCompile>
    <ClCompile Include="..\Common\UUTF8.cpp">
      <Filter>Common</Filter>
    </ClCompile>
    <ClCompile Include="..\Common\UValue.cpp">
      <Filter>Common</Filter>
    </ClCompile>
    <ClCompile Include="..\Common\UWriter.cpp">
      <Filter>Common</Filter>
    </ClCompile>
    <ClCompile Include="..\Common\UXMLTree.cpp">
      <Filter>Common</Filter>
    </ClCompile>
    <ClCompile Include="..\Common\IrrXML\irrXML.cpp">
      <Filter>Common\IrrXML</Filter>
    </ClCompile>
    <ClCompile Include="..\FileSystem\filesystem_afx.cpp">
      <Filter>FileSystem</Filter>
    </ClCompile>
    <ClCompile Include="..\Graphics\GLSubsys.cpp">
      <Filter>Graphics</Filter>
    </ClCompile>
    <ClCompile Include="..\Graphics\GrAfterEffect.cpp">
      <Filter>Graphics</Filter>
    </ClCompile>
    <ClCompile Include="..\Graphics\GrAnim.cpp">
      <Filter>Graphics</Filter>
    </ClCompile>
    <ClCompile Include="..\Graphics\GrAnimPlayer.cpp">
      <Filter>Graphics</Filter>
    </ClCompile>
    <ClCompile Include="..\Graphics\GrAnimXForm.cpp">
      <Filter>Graphics</Filter>
    </ClCompile>
    <ClCompile Include="..\Graphics\GrAnimXFormCache.cpp">
      <Filter>Graphics</Filter>
    </ClCompile>
    <ClCompile Include="..\Graphics\graphics_afx.cpp">
      <Filter>Graphics</Filter>
    </ClCompile>
    <ClCompile Include="..\Graphics\GrBounds.cpp">
      <Filter>Graphics</Filter>
    </ClCompile>
    <ClCompile Include="..\Graphics\GrBSPArea.cpp">
      <Filter>Graphics</Filter>
    </ClCompile>
    <ClCompile Include="..\Graphics\GrBSPSplit.cpp">
      <Filter>Graphics</Filter>
    </ClCompile>
    <ClCompile Include="..\Graphics\GrBSPTree.cpp">
      <Filter>Graphics</Filter>
    </ClCompile>
    <ClCompile Include="..\Graphics\GrCalcTangents.cpp">
      <Filter>Graphics</Filter>
    </ClCompile>
    <ClCompile Include="..\Graphics\GrCamera.cpp">
      <Filter>Graphics</Filter>
    </ClCompile>
    <ClCompile Include="..\Graphics\GrColor.cpp">
      <Filter>Graphics</Filter>
    </ClCompile>
    <ClCompile Include="..\Graphics\GrCoplanarPolygonGroup.cpp">
      <Filter>Graphics</Filter>
    </ClCompile>
    <ClCompile Include="..\Graphics\GrDebug.cpp">
      <Filter>Graphics</Filter>
    </ClCompile>
    <ClCompile Include="..\Graphics\GrDebugSwitches.cpp">
      <Filter>Graphics</Filter>
    </ClCompile>
    <ClCompile Include="..\Graphics\GrDeformer.cpp">
      <Filter>Graphics</Filter>
    </ClCompile>
    <ClCompile Include="..\Graphics\GrDeformMorph.cpp">
      <Filter>Graphics</Filter>
    </ClCompile>
    <ClCompile Include="..\Graphics\GrDeformWave.cpp">
      <Filter>Graphics</Filter>
    </ClCompile>
    <ClCompile Include="..\Graphics\GrDXT.cpp">
      <Filter>Graphics</Filter>
    </ClCompile>
    <ClCompile Include="..\Graphics\GrFramebuffer.cpp">
      <Filter>Graphics</Filter>
    </ClCompile>
    <ClCompile Include="..\Graphics\GrFrustum.cpp">
      <Filter>Graphics</Filter>
    </ClCompile>
    <ClCompile Include="..\Graphics\GrFrustumSet.cpp">
      <Filter>Graphics</Filter>
    </ClCompile>
    <ClCompile Include="..\Graphics\GrImage.cpp">
      <Filter>Graphics</Filter>
    </ClCompile>
    <ClCompile Include="..\Graphics\GrKFAnim.cpp">
      <Filter>Graphics</Filter>
    </ClCompile>
    <ClCompile Include="..\Graphics\GrKFAnimData.cpp">
      <Filter>Graphics</Filter>
    </ClCompile>
    <ClCompile Include="..\Graphics\GrKFAnimMgr.cpp">
      <Filter>Graphics</Filter>
    </ClCompile>
    <ClCompile Include="..\Graphics\GrKFInterpolator.cpp">
      <Filter>Graphics</Filter>
    </ClCompile>
    <ClCompile Include="..\Graphics\GrLight.cpp">
      <Filter>Graphics</Filter>
    </ClCompile>
    <ClCompile Include="..\Graphics\GrLightMgr.cpp">
      <Filter>Graphics</Filter>
    </ClCompile>
    <ClCompile Include="..\Graphics\GrLightSet.cpp">
      <Filter>Graphics</Filter>
    </ClCompile>
    <ClCompile Include="..\Graphics\GrMaterial.cpp">
      <Filter>Graphics</Filter>
    </ClCompile>
    <ClCompile Include="..\Graphics\GrMaterialMgr.cpp">
      <Filter>Graphics</Filter>
    </ClCompile>
    <ClCompile Include="..\Graphics\GrMaterialPass.cpp">
      <Filter>Graphics</Filter>
    </ClCompile>
    <ClCompile Include="..\Graphics\GrMaterialUserParams.cpp">
      <Filter>Graphics</Filter>
    </ClCompile>
    <ClCompile Include="..\Graphics\GrMesh.cpp">
      <Filter>Graphics</Filter>
    </ClCompile>
    <ClCompile Include="..\Graphics\GrMeshBufferMgr.cpp">
      <Filter>Graphics</Filter>
    </ClCompile>
    <ClCompile Include="..\Graphics\GrMeshCombiner.cpp">
      <Filter>Graphics</Filter>
    </ClCompile>
    <ClCompile Include="..\Graphics\GrMeshIB.cpp">
      <Filter>Graphics</Filter>
    </ClCompile>
    <ClCompile Include="..\Graphics\GrMeshInst.cpp">
      <Filter>Graphics</Filter>
    </ClCompile>
    <ClCompile Include="..\Graphics\GrMeshVB.cpp">
      <Filter>Graphics</Filter>
    </ClCompile>
    <ClCompile Include="..\Graphics\GrModel.cpp">
      <Filter>Graphics</Filter>
    </ClCompile>
    <ClCompile Include="..\Graphics\GrModelMgr.cpp">
      <Filter>Graphics</Filter>
    </ClCompile>
    <ClCompile Include="..\Graphics\GrModelNode.cpp">
      <Filter>Graphics</Filter>
    </ClCompile>
    <ClCompile Include="..\Graphics\GrModelSkinController.cpp">
      <Filter>Graphics</Filter>
    </ClCompile>
    <ClCompile Include="..\Graphics\GrNodeController.cpp">
      <Filter>Graphics</Filter>
    </ClCompile>
    <ClCompile Include="..\Graphics\GrParse.cpp">
      <Filter>Graphics</Filter>
    </ClCompile>
    <ClCompile Include="..\Graphics\GrPixelBuffer.cpp">
      <Filter>Graphics</Filter>
    </ClCompile>
    <ClCompile Include="..\Graphics\GrPixelBufferMgr.cpp">
      <Filter>Graphics</Filter>
    </ClCompile>
    <ClCompile Include="..\Graphics\GrPolygon.cpp">
      <Filter>Graphics</Filter>
    </ClCompile>
    <ClCompile Include="..\Graphics\GrPolygonBINode.cpp">
      <Filter>Graphics</Filter>
    </ClCompile>
    <ClCompile Include="..\Graphics\GrPolygonBITree.cpp">
      <Filter>Graphics</Filter>
    </ClCompile>
    <ClCompile Include="..\Graphics\GrPolygonBSPArea.cpp">
      <Filter>Graphics</Filter>
    </ClCompile>
    <ClCompile Include="..\Graphics\GrPolygonBSPPortal.cpp">
      <Filter>Graphics</Filter>
    </ClCompile>
    <ClCompile Include="..\Graphics\GrPolygonBSPPortalSet.cpp">
      <Filter>Graphics</Filter>
    </ClCompile>
    <ClCompile Include="..\Graphics\GrPolygonBSPSplit.cpp">
      <Filter>Graphics</Filter>
    </ClCompile>
    <ClCompile Include="..\Graphics\GrPolygonBSPTree.cpp">
      <Filter>Graphics</Filter>
    </ClCompile>
    <ClCompile Include="..\Graphics\GrPolygonEdgeList.cpp">
      <Filter>Graphics</Filter>
    </ClCompile>
    <ClCompile Include="..\Graphics\GrPolygonGroup.cpp">
      <Filter>Graphics</Filter>
    </ClCompile>
    <ClCompile Include="..\Graphics\GrPolygonMesh.cpp">
      <Filter>Graphics</Filter>
    </ClCompile>
    <ClCompile Include="..\Graphics\GrPolygonNode.cpp">
      <Filter>Graphics</Filter>
    </ClCompile>
    <ClCompile Include="..\Graphics\GrPolygonUberMapping.cpp">
      <Filter>Graphics</Filter>
    </ClCompile>
    <ClCompile Include="..\Graphics\GrPolygonUberPatch.cpp">
      <Filter>Graphics</Filter>
    </ClCompile>
    <ClCompile Include="..\Graphics\GrPolygonUberPatchGroup.cpp">
      <Filter>Graphics</Filter>
    </ClCompile>
    <ClCompile Include="..\Graphics\GrPolygonUberUVMapper.cpp">
      <Filter>Graphics</Filter>
    </ClCompile>
    <ClCompile Include="..\Graphics\GrPolygonUVAtlas.cpp">
      <Filter>Graphics</Filter>
    </ClCompile>
    <ClCompile Include="..\Graphics\GrProjection.cpp">
      <Filter>Graphics</Filter>
    </ClCompile>
    <ClCompile Include="..\Graphics\GrQuery.cpp">
      <Filter>Graphics</Filter>
    </ClCompile>
    <ClCompile Include="..\Graphics\GrQueryMgr.cpp">
      <Filter>Graphics</Filter>
    </ClCompile>
    <ClCompile Include="..\Graphics\GrRenderAmbience.cpp">
      <Filter>Graphics</Filter>
    </ClCompile>
    <ClCompile Include="..\Graphics\GrRenderbuffer.cpp">
      <Filter>Graphics</Filter>
    </ClCompile>
    <ClCompile Include="..\Graphics\GrRenderer.cpp">
      <Filter>Graphics</Filter>
    </ClCompile>
    <ClCompile Include="..\Graphics\GrRenderInteraction.cpp">
      <Filter>Graphics</Filter>
    </ClCompile>
    <ClCompile Include="..\Graphics\GrRenderLight.cpp">
      <Filter>Graphics</Filter>
    </ClCompile>
    <ClCompile Include="..\Graphics\GrRenderList.cpp">
      <Filter>Graphics</Filter>
    </ClCompile>
    <ClCompile Include="..\Graphics\GrRenderPostProcess.cpp">
      <Filter>Graphics</Filter>
    </ClCompile>
    <ClCompile Include="..\Graphics\GrRenderShadow.cpp">
      <Filter>Graphics</Filter>
    </ClCompile>
    <ClCompile Include="..\Graphics\grrendertarget.cpp">
      <Filter>Graphics</Filter>
    </ClCompile>
    <ClCompile Include="..\Graphics\GrRenderTargetMgr.cpp">
      <Filter>Graphics</Filter>
    </ClCompile>
    <ClCompile Include="..\Graphics\GrRenderUtil.cpp">
      <Filter>Graphics</Filter>
    </ClCompile>
    <ClCompile Include="..\Graphics\GrScene.cpp">
      <Filter>Graphics</Filter>
    </ClCompile>
    <ClCompile Include="..\Graphics\GrSceneRender.cpp">
      <Filter>Graphics</Filter>
    </ClCompile>
    <ClCompile Include="..\Graphics\GrSceneTraverser.cpp">
      <Filter>Graphics</Filter>
    </ClCompile>
    <ClCompile Include="..\Graphics\GrShader.cpp">
      <Filter>Graphics</Filter>
    </ClCompile>
    <ClCompile Include="..\Graphics\GrShaderMgr.cpp">
      <Filter>Graphics</Filter>
    </ClCompile>
    <ClCompile Include="..\Graphics\GrShadowBuffer.cpp">
      <Filter>Graphics</Filter>
    </ClCompile>
    <ClCompile Include="..\Graphics\GrSkin.cpp">
      <Filter>Graphics</Filter>
    </ClCompile>
    <ClCompile Include="..\Graphics\GrSkinInst.cpp">
      <Filter>Graphics</Filter>
    </ClCompile>
    <ClCompile Include="..\Graphics\GrSoftwareRasterizer.cpp">
      <Filter>Graphics</Filter>
    </ClCompile>
    <ClCompile Include="..\Graphics\GrSoftwareRTBase.cpp">
      <Filter>Graphics</Filter>
    </ClCompile>
    <ClCompile Include="..\Graphics\GrSoftwareRTBuffer.cpp">
      <Filter>Graphics</Filter>
    </ClCompile>
    <ClCompile Include="..\Graphics\GrSoftwareSampler.cpp">
      <Filter>Graphics</Filter>
    </ClCompile>
    <ClCompile Include="..\Graphics\GrSoftwareTexture.cpp">
      <Filter>Graphics</Filter>
    </ClCompile>
    <ClCompile Include="..\Graphics\GrSoftwareTextureMgr.cpp">
      <Filter>Graphics</Filter>
    </ClCompile>
    <ClCompile Include="..\Graphics\GrStreamingIB.cpp">
      <Filter>Graphics</Filter>
    </ClCompile>
    <ClCompile Include="..\Graphics\GrSubsys.cpp">
      <Filter>Graphics</Filter>
    </ClCompile>
    <ClCompile Include="..\Graphics\grtexgen.cpp">
      <Filter>Graphics</Filter>
    </ClCompile>
    <ClCompile Include="..\Graphics\GrTexture.cpp">
      <Filter>Graphics</Filter>
    </ClCompile>
    <ClCompile Include="..\Graphics\GrTexture3D.cpp">
      <Filter>Graphics</Filter>
    </ClCompile>
    <ClCompile Include="..\Graphics\GrTextureBase.cpp">
      <Filter>Graphics</Filter>
    </ClCompile>
    <ClCompile Include="..\Graphics\GrTextureCube.cpp">
      <Filter>Graphics</Filter>
    </ClCompile>
    <ClCompile Include="..\Graphics\GrTextureMgr.cpp">
      <Filter>Graphics</Filter>
    </ClCompile>
    <ClCompile Include="..\Graphics\GrTextureRect.cpp">
      <Filter>Graphics</Filter>
    </ClCompile>
    <ClCompile Include="..\Graphics\GrTextureSet.cpp">
      <Filter>Graphics</Filter>
    </ClCompile>
    <ClCompile Include="..\Graphics\GrTextureStage.cpp">
      <Filter>Graphics</Filter>
    </ClCompile>
    <ClCompile Include="..\Graphics\GrTSGen.cpp">
      <Filter>Graphics</Filter>
    </ClCompile>
    <ClCompile Include="..\Graphics\GrTypes.cpp">
      <Filter>Graphics</Filter>
    </ClCompile>
    <ClCompile Include="..\Graphics\GrUberDetailCache.cpp">
      <Filter>Graphics</Filter>
    </ClCompile>
    <ClCompile Include="..\Graphics\GrUberPatchSet.cpp">
      <Filter>Graphics</Filter>
    </ClCompile>
    <ClCompile Include="..\Graphics\GrUberTexture.cpp">
      <Filter>Graphics</Filter>
    </ClCompile>
    <ClCompile Include="..\Graphics\GrUberTextureMgr.cpp">
      <Filter>Graphics</Filter>
    </ClCompile>
    <ClCompile Include="..\Graphics\GrUberTileAtlas.cpp">
      <Filter>Graphics</Filter>
    </ClCompile>
    <ClCompile Include="..\Graphics\GrUTAtlas.cpp">
      <Filter>Graphics</Filter>
    </ClCompile>
    <ClCompile Include="..\Graphics\GrUTCompress.cpp">
      <Filter>Graphics</Filter>
    </ClCompile>
    <ClCompile Include="..\Graphics\GrUtil.cpp">
      <Filter>Graphics</Filter>
    </ClCompile>
    <ClCompile Include="..\Graphics\GrUTLoader.cpp">
      <Filter>Graphics</Filter>
    </ClCompile>
    <ClCompile Include="..\Graphics\GrUTSysTileCache.cpp">
      <Filter>Graphics</Filter>
    </ClCompile>
    <ClCompile Include="..\Graphics\GrVirtualShadowPage.cpp">
      <Filter>Graphics</Filter>
    </ClCompile>
    <ClCompile Include="..\Graphics\GrVirtualShadowSegmentSet.cpp">
      <Filter>Graphics</Filter>
    </ClCompile>
    <ClCompile Include="..\Graphics\NVTriStrip\NvTriStrip.cpp">
      <Filter>Graphics\NVTriStrip</Filter>
    </ClCompile>
    <ClCompile Include="..\Graphics\NVTriStrip\NvTriStripObjects.cpp">
      <Filter>Graphics\NVTriStrip</Filter>
    </ClCompile>
    <ClCompile Include="..\Test\Compress.cpp">
      <Filter>Test</Filter>
    </ClCompile>
    <ClCompile Include="..\Test\test_afx.cpp">
      <Filter>Test</Filter>
    </ClCompile>
    <ClCompile Include="..\Test\TGeomCompress.cpp">
      <Filter>Test</Filter>
    </ClCompile>
    <ClCompile Include="..\Test\TMain.cpp">
      <Filter>Test</Filter>
    </ClCompile>
    <ClCompile Include="..\FileSystem\FSDiskServ_W32.cpp">
      <Filter>FileSystem</Filter>
    </ClCompile>
  </ItemGroup>
  <ItemGroup>
    <ClInclude Include="..\Common\BscArrayTable.h">
      <Filter>Common</Filter>
    </ClInclude>
    <ClInclude Include="..\Common\BscExprLib.h">
      <Filter>Common</Filter>
    </ClInclude>
    <ClInclude Include="..\Common\BscLexer.h">
      <Filter>Common</Filter>
    </ClInclude>
    <ClInclude Include="..\Common\BscParseLib.h">
      <Filter>Common</Filter>
    </ClInclude>
    <ClInclude Include="..\Common\BscVarTable.h">
      <Filter>Common</Filter>
    </ClInclude>
    <ClInclude Include="..\Common\common_afx.h">
      <Filter>Common</Filter>
    </ClInclude>
    <ClInclude Include="..\Common\MAABox.h">
      <Filter>Common</Filter>
    </ClInclude>
    <ClInclude Include="..\Common\MCone.h">
      <Filter>Common</Filter>
    </ClInclude>
    <ClInclude Include="..\Common\MLine.h">
      <Filter>Common</Filter>
    </ClInclude>
    <ClInclude Include="..\Common\MLineSegment.h">
      <Filter>Common</Filter>
    </ClInclude>
    <ClInclude Include="..\Common\MMat3x3.h">
      <Filter>Common</Filter>
    </ClInclude>
    <ClInclude Include="..\Common\MMat4x4.h">
      <Filter>Common</Filter>
    </ClInclude>
    <ClInclude Include="..\Common\MMat4x4Array.h">
      <Filter>Common</Filter>
    </ClInclude>
    <ClInclude Include="..\Common\MOBox.h">
      <Filter>Common</Filter>
    </ClInclude>
    <ClInclude Include="..\Common\MPlane.h">
      <Filter>Common</Filter>
    </ClInclude>
    <ClInclude Include="..\Common\MQuat.h">
      <Filter>Common</Filter>
    </ClInclude>
    <ClInclude Include="..\Common\MRay.h">
      <Filter>Common</Filter>
    </ClInclude>
    <ClInclude Include="..\Common\MSphere.h">
      <Filter>Common</Filter>
    </ClInclude>
    <ClInclude Include="..\Common\MSVD.h">
      <Filter>Common</Filter>
    </ClInclude>
    <ClInclude Include="..\Common\MTransform.h">
      <Filter>Common</Filter>
    </ClInclude>
    <ClInclude Include="..\Common\MVec2.h">
      <Filter>Common</Filter>
    </ClInclude>
    <ClInclude Include="..\Common\MVec3.h">
      <Filter>Common</Filter>
    </ClInclude>
    <ClInclude Include="..\Common\MVec4.h">
      <Filter>Common</Filter>
    </ClInclude>
    <ClInclude Include="..\Common\RConfig.h">
      <Filter>Common</Filter>
    </ClInclude>
    <ClInclude Include="..\Common\RFile.h">
      <Filter>Common</Filter>
    </ClInclude>
    <ClInclude Include="..\Common\RFileMgr.h">
      <Filter>Common</Filter>
    </ClInclude>
    <ClInclude Include="..\Common\RFilePipe.h">
      <Filter>Common</Filter>
    </ClInclude>
    <ClInclude Include="..\Common\RRsrc.h">
      <Filter>Common</Filter>
    </ClInclude>
    <ClInclude Include="..\Common\RRsrcMgr.h">
      <Filter>Common</Filter>
    </ClInclude>
    <ClInclude Include="..\Common\ThArray.h">
      <Filter>Common</Filter>
    </ClInclude>
    <ClInclude Include="..\Common\ThBuffer.h">
      <Filter>Common</Filter>
    </ClInclude>
    <ClInclude Include="..\Common\ThConfig.h">
      <Filter>Common</Filter>
    </ClInclude>
    <ClInclude Include="..\Common\ThPipe.h">
      <Filter>Common</Filter>
    </ClInclude>
    <ClInclude Include="..\Common\ThPipeReader.h">
      <Filter>Common</Filter>
    </ClInclude>
    <ClInclude Include="..\Common\ThPipeWriter.h">
      <Filter>Common</Filter>
    </ClInclude>
    <ClInclude Include="..\Common\ThPrim.h">
      <Filter>Common</Filter>
    </ClInclude>
    <ClInclude Include="..\Common\ThQueue.h">
      <Filter>Common</Filter>
    </ClInclude>
    <ClInclude Include="..\Common\ThRingBuffer.h">
      <Filter>Common</Filter>
    </ClInclude>
    <ClInclude Include="..\Common\ThSection.h">
      <Filter>Common</Filter>
    </ClInclude>
    <ClInclude Include="..\Common\ThSignal.h">
      <Filter>Common</Filter>
    </ClInclude>
    <ClInclude Include="..\Common\ThThread.h">
      <Filter>Common</Filter>
    </ClInclude>
    <ClInclude Include="..\Common\UBitArray.h">
      <Filter>Common</Filter>
    </ClInclude>
    <ClInclude Include="..\Common\UBitReader.h">
      <Filter>Common</Filter>
    </ClInclude>
    <ClInclude Include="..\Common\UBitWriter.h">
      <Filter>Common</Filter>
    </ClInclude>
    <ClInclude Include="..\Common\UBlockAllocator.h">
      <Filter>Common</Filter>
    </ClInclude>
    <ClInclude Include="..\Common\UBuffer.h">
      <Filter>Common</Filter>
    </ClInclude>
    <ClInclude Include="..\Common\UConstRef.h">
      <Filter>Common</Filter>
    </ClInclude>
    <ClInclude Include="..\Common\UExpr.h">
      <Filter>Common</Filter>
    </ClInclude>
    <ClInclude Include="..\Common\UExprArray.h">
      <Filter>Common</Filter>
    </ClInclude>
    <ClInclude Include="..\Common\UExprArrayRef.h">
      <Filter>Common</Filter>
    </ClInclude>
    <ClInclude Include="..\Common\UExprCallback.h">
      <Filter>Common</Filter>
    </ClInclude>
    <ClInclude Include="..\Common\UExprMgr.h">
      <Filter>Common</Filter>
    </ClInclude>
    <ClInclude Include="..\Common\UExprNumber.h">
      <Filter>Common</Filter>
    </ClInclude>
    <ClInclude Include="..\Common\UExprTerm.h">
      <Filter>Common</Filter>
    </ClInclude>
    <ClInclude Include="..\Common\UFastArray.h">
      <Filter>Common</Filter>
    </ClInclude>
    <ClInclude Include="..\Common\UFixed.h">
      <Filter>Common</Filter>
    </ClInclude>
    <ClInclude Include="..\Common\UHuffman.h">
      <Filter>Common</Filter>
    </ClInclude>
    <ClInclude Include="..\Common\ULexer.h">
      <Filter>Common</Filter>
    </ClInclude>
    <ClInclude Include="..\Common\ULRUHash.h">
      <Filter>Common</Filter>
    </ClInclude>
    <ClInclude Include="..\Common\ULRUList.h">
      <Filter>Common</Filter>
    </ClInclude>
    <ClInclude Include="..\Common\UObjectPool.h">
      <Filter>Common</Filter>
    </ClInclude>
    <ClInclude Include="..\Common\UPath.h">
      <Filter>Common</Filter>
    </ClInclude>
    <ClInclude Include="..\Common\URand.h">
      <Filter>Common</Filter>
    </ClInclude>
    <ClInclude Include="..\Common\UReader.h">
      <Filter>Common</Filter>
    </ClInclude>
    <ClInclude Include="..\Common\URect.h">
      <Filter>Common</Filter>
    </ClInclude>
    <ClInclude Include="..\Common\URef.h">
      <Filter>Common</Filter>
    </ClInclude>
    <ClInclude Include="..\Common\URefArray.h">
      <Filter>Common</Filter>
    </ClInclude>
    <ClInclude Include="..\Common\URefCount.h">
      <Filter>Common</Filter>
    </ClInclude>
    <ClInclude Include="..\Common\URefCountMT.h">
      <Filter>Common</Filter>
    </ClInclude>
    <ClInclude Include="..\Common\URLE.h">
      <Filter>Common</Filter>
    </ClInclude>
    <ClInclude Include="..\Common\UStateMachine.h">
      <Filter>Common</Filter>
    </ClInclude>
    <ClInclude Include="..\Common\UTable.h">
      <Filter>Common</Filter>
    </ClInclude>
    <ClInclude Include="..\Common\UTime.h">
      <Filter>Common</Filter>
    </ClInclude>
    <ClInclude Include="..\Common\UTimer.h">
      <Filter>Common</Filter>
    </ClInclude>
    <ClInclude Include="..\Common\UUTF8.h">
      <Filter>Common</Filter>
    </ClInclude>
    <ClInclude Include="..\Common\UValue.h">
      <Filter>Common</Filter>
    </ClInclude>
    <ClInclude Include="..\Common\UWriter.h">
      <Filter>Common</Filter>
    </ClInclude>
    <ClInclude Include="..\Common\UXMLTree.h">
      <Filter>Common</Filter>
    </ClInclude>
    <ClInclude Include="..\Common\IrrXML\CXMLReaderImpl.h">
      <Filter>Common\IrrXML</Filter>
    </ClInclude>
    <ClInclude Include="..\Common\IrrXML\fast_atof.h">
      <Filter>Common\IrrXML</Filter>
    </ClInclude>
    <ClInclude Include="..\Common\IrrXML\heapsort.h">
      <Filter>Common\IrrXML</Filter>
    </ClInclude>
    <ClInclude Include="..\Common\IrrXML\irrArray.h">
      <Filter>Common\IrrXML</Filter>
    </ClInclude>
    <ClInclude Include="..\Common\IrrXML\irrString.h">
      <Filter>Common\IrrXML</Filter>
    </ClInclude>
    <ClInclude Include="..\Common\IrrXML\irrTypes.h">
      <Filter>Common\IrrXML</Filter>
    </ClInclude>
    <ClInclude Include="..\Common\IrrXML\irrXML.h">
      <Filter>Common\IrrXML</Filter>
    </ClInclude>
    <ClInclude Include="..\FileSystem\filesystem_afx.h">
      <Filter>FileSystem</Filter>
    </ClInclude>
    <ClInclude Include="..\FileSystem\FSConfig.h">
      <Filter>FileSystem</Filter>
    </ClInclude>
    <ClInclude Include="..\FileSystem\FSDiskServ.h">
      <Filter>FileSystem</Filter>
    </ClInclude>
    <ClInclude Include="..\Graphics\enums.h">
      <Filter>Graphics</Filter>
    </ClInclude>
    <ClInclude Include="..\Graphics\GL.h">
      <Filter>Graphics</Filter>
    </ClInclude>
    <ClInclude Include="..\Graphics\GLAux.h">
      <Filter>Graphics</Filter>
    </ClInclude>
    <ClInclude Include="..\Graphics\glext.h">
      <Filter>Graphics</Filter>
    </ClInclude>
    <ClInclude Include="..\Graphics\glext_bak.h">
      <Filter>Graphics</Filter>
    </ClInclude>
    <ClInclude Include="..\Graphics\GLSubsys.h">
      <Filter>Graphics</Filter>
    </ClInclude>
    <ClInclude Include="..\Graphics\GLU.h">
      <Filter>Graphics</Filter>
    </ClInclude>
    <ClInclude Include="..\Graphics\GrAfterEffect.h">
      <Filter>Graphics</Filter>
    </ClInclude>
    <ClInclude Include="..\Graphics\GrAnim.h">
      <Filter>Graphics</Filter>
    </ClInclude>
    <ClInclude Include="..\Graphics\GrAnimPlayer.h">
      <Filter>Graphics</Filter>
    </ClInclude>
    <ClInclude Include="..\Graphics\GrAnimXForm.h">
      <Filter>Graphics</Filter>
    </ClInclude>
    <ClInclude Include="..\Graphics\GrAnimXFormCache.h">
      <Filter>Graphics</Filter>
    </ClInclude>
    <ClInclude Include="..\Graphics\graphics_afx.h">
      <Filter>Graphics</Filter>
    </ClInclude>
    <ClInclude Include="..\Graphics\GrBounds.h">
      <Filter>Graphics</Filter>
    </ClInclude>
    <ClInclude Include="..\Graphics\GrBSPArea.h">
      <Filter>Graphics</Filter>
    </ClInclude>
    <ClInclude Include="..\Graphics\GrBSPSplit.h">
      <Filter>Graphics</Filter>
    </ClInclude>
    <ClInclude Include="..\Graphics\GrBSPTree.h">
      <Filter>Graphics</Filter>
    </ClInclude>
    <ClInclude Include="..\Graphics\GrCalcTangents.h">
      <Filter>Graphics</Filter>
    </ClInclude>
    <ClInclude Include="..\Graphics\GrCamera.h">
      <Filter>Graphics</Filter>
    </ClInclude>
    <ClInclude Include="..\Graphics\GrColor.h">
      <Filter>Graphics</Filter>
    </ClInclude>
    <ClInclude Include="..\Graphics\GrConfig.h">
      <Filter>Graphics</Filter>
    </ClInclude>
    <ClInclude Include="..\Graphics\GrCoplanarPolygonGroup.h">
      <Filter>Graphics</Filter>
    </ClInclude>
    <ClInclude Include="..\Graphics\GrDebug.h">
      <Filter>Graphics</Filter>
    </ClInclude>
    <ClInclude Include="..\Graphics\GrDebugSwitches.h">
      <Filter>Graphics</Filter>
    </ClInclude>
    <ClInclude Include="..\Graphics\GrDeformer.h">
      <Filter>Graphics</Filter>
    </ClInclude>
    <ClInclude Include="..\Graphics\GrDeformMorph.h">
      <Filter>Graphics</Filter>
    </ClInclude>
    <ClInclude Include="..\Graphics\GrDeformWave.h">
      <Filter>Graphics</Filter>
    </ClInclude>
    <ClInclude Include="..\Graphics\GrDXT.h">
      <Filter>Graphics</Filter>
    </ClInclude>
    <ClInclude Include="..\Graphics\GrFramebuffer.h">
      <Filter>Graphics</Filter>
    </ClInclude>
    <ClInclude Include="..\Graphics\GrFrustum.h">
      <Filter>Graphics</Filter>
    </ClInclude>
    <ClInclude Include="..\Graphics\GrFrustumSet.h">
      <Filter>Graphics</Filter>
    </ClInclude>
    <ClInclude Include="..\Graphics\GrImage.h">
      <Filter>Graphics</Filter>
    </ClInclude>
    <ClInclude Include="..\Graphics\GrKFAnim.h">
      <Filter>Graphics</Filter>
    </ClInclude>
    <ClInclude Include="..\Graphics\GrKFAnimData.h">
      <Filter>Graphics</Filter>
    </ClInclude>
    <ClInclude Include="..\Graphics\GrKFAnimMgr.h">
      <Filter>Graphics</Filter>
    </ClInclude>
    <ClInclude Include="..\Graphics\GrKFInterpolator.h">
      <Filter>Graphics</Filter>
    </ClInclude>
    <ClInclude Include="..\Graphics\GrLight.h">
      <Filter>Graphics</Filter>
    </ClInclude>
    <ClInclude Include="..\Graphics\GrLightMgr.h">
      <Filter>Graphics</Filter>
    </ClInclude>
    <ClInclude Include="..\Graphics\GrLightSet.h">
      <Filter>Graphics</Filter>
    </ClInclude>
    <ClInclude Include="..\Graphics\GrMaterial.h">
      <Filter>Graphics</Filter>
    </ClInclude>
    <ClInclude Include="..\Graphics\GrMaterialMgr.h">
      <Filter>Graphics</Filter>
    </ClInclude>
    <ClInclude Include="..\Graphics\GrMaterialPass.h">
      <Filter>Graphics</Filter>
    </ClInclude>
    <ClInclude Include="..\Graphics\GrMaterialUserParams.h">
      <Filter>Graphics</Filter>
    </ClInclude>
    <ClInclude Include="..\Graphics\GrMesh.h">
      <Filter>Graphics</Filter>
    </ClInclude>
    <ClInclude Include="..\Graphics\GrMeshBufferMgr.h">
      <Filter>Graphics</Filter>
    </ClInclude>
    <ClInclude Include="..\Graphics\GrMeshCombiner.h">
      <Filter>Graphics</Filter>
    </ClInclude>
    <ClInclude Include="..\Graphics\GrMeshIB.h">
      <Filter>Graphics</Filter>
    </ClInclude>
    <ClInclude Include="..\Graphics\GrMeshInst.h">
      <Filter>Graphics</Filter>
    </ClInclude>
    <ClInclude Include="..\Graphics\GrMeshVB.h">
      <Filter>Graphics</Filter>
    </ClInclude>
    <ClInclude Include="..\Graphics\GrModel.h">
      <Filter>Graphics</Filter>
    </ClInclude>
    <ClInclude Include="..\Graphics\GrModelMgr.h">
      <Filter>Graphics</Filter>
    </ClInclude>
    <ClInclude Include="..\Graphics\GrModelNode.h">
      <Filter>Graphics</Filter>
    </ClInclude>
    <ClInclude Include="..\Graphics\GrModelSkinController.h">
      <Filter>Graphics</Filter>
    </ClInclude>
    <ClInclude Include="..\Graphics\GrNodeController.h">
      <Filter>Graphics</Filter>
    </ClInclude>
    <ClInclude Include="..\Graphics\GrParse.h">
      <Filter>Graphics</Filter>
    </ClInclude>
    <ClInclude Include="..\Graphics\GrPixelBuffer.h">
      <Filter>Graphics</Filter>
    </ClInclude>
    <ClInclude Include="..\Graphics\GrPixelBufferMgr.h">
      <Filter>Graphics</Filter>
    </ClInclude>
    <ClInclude Include="..\Graphics\GrPolygon.h">
      <Filter>Graphics</Filter>
    </ClInclude>
    <ClInclude Include="..\Graphics\GrPolygonBINode.h">
      <Filter>Graphics</Filter>
    </ClInclude>
    <ClInclude Include="..\Graphics\GrPolygonBITree.h">
      <Filter>Graphics</Filter>
    </ClInclude>
    <ClInclude Include="..\Graphics\GrPolygonBSPArea.h">
      <Filter>Graphics</Filter>
    </ClInclude>
    <ClInclude Include="..\Graphics\GrPolygonBSPPortal.h">
      <Filter>Graphics</Filter>
    </ClInclude>
    <ClInclude Include="..\Graphics\GrPolygonBSPPortalSet.h">
      <Filter>Graphics</Filter>
    </ClInclude>
    <ClInclude Include="..\Graphics\GrPolygonBSPSplit.h">
      <Filter>Graphics</Filter>
    </ClInclude>
    <ClInclude Include="..\Graphics\GrPolygonBSPTree.h">
      <Filter>Graphics</Filter>
    </ClInclude>
    <ClInclude Include="..\Graphics\GrPolygonEdgeList.h">
      <Filter>Graphics</Filter>
    </ClInclude>
    <ClInclude Include="..\Graphics\GrPolygonGroup.h">
      <Filter>Graphics</Filter>
    </ClInclude>
    <ClInclude Include="..\Graphics\GrPolygonMesh.h">
      <Filter>Graphics</Filter>
    </ClInclude>
    <ClInclude Include="..\Graphics\GrPolygonNode.h">
      <Filter>Graphics</Filter>
    </ClInclude>
    <ClInclude Include="..\Graphics\GrPolygonUberMapping.h">
      <Filter>Graphics</Filter>
    </ClInclude>
    <ClInclude Include="..\Graphics\GrPolygonUberPatch.h">
      <Filter>Graphics</Filter>
    </ClInclude>
    <ClInclude Include="..\Graphics\GrPolygonUberPatchGroup.h">
      <Filter>Graphics</Filter>
    </ClInclude>
    <ClInclude Include="..\Graphics\GrPolygonUberUVMapper.h">
      <Filter>Graphics</Filter>
    </ClInclude>
    <ClInclude Include="..\Graphics\GrPolygonUVAtlas.h">
      <Filter>Graphics</Filter>
    </ClInclude>
    <ClInclude Include="..\Graphics\GrProjection.h">
      <Filter>Graphics</Filter>
    </ClInclude>
    <ClInclude Include="..\Graphics\GrQuery.h">
      <Filter>Graphics</Filter>
    </ClInclude>
    <ClInclude Include="..\Graphics\GrQueryMgr.h">
      <Filter>Graphics</Filter>
    </ClInclude>
    <ClInclude Include="..\Graphics\GrRenderAmbience.h">
      <Filter>Graphics</Filter>
    </ClInclude>
    <ClInclude Include="..\Graphics\GrRenderbuffer.h">
      <Filter>Graphics</Filter>
    </ClInclude>
    <ClInclude Include="..\Graphics\GrRenderer.h">
      <Filter>Graphics</Filter>
    </ClInclude>
    <ClInclude Include="..\Graphics\GrRenderInteraction.h">
      <Filter>Graphics</Filter>
    </ClInclude>
    <ClInclude Include="..\Graphics\GrRenderLight.h">
      <Filter>Graphics</Filter>
    </ClInclude>
    <ClInclude Include="..\Graphics\GrRenderList.h">
      <Filter>Graphics</Filter>
    </ClInclude>
    <ClInclude Include="..\Graphics\GrRenderPostProcess.h">
      <Filter>Graphics</Filter>
    </ClInclude>
    <ClInclude Include="..\Graphics\GrRenderShadow.h">
      <Filter>Graphics</Filter>
    </ClInclude>
    <ClInclude Include="..\Graphics\GrRenderTarget.h">
      <Filter>Graphics</Filter>
    </ClInclude>
    <ClInclude Include="..\Graphics\GrRenderTargetMgr.h">
      <Filter>Graphics</Filter>
    </ClInclude>
    <ClInclude Include="..\Graphics\GrRenderUtil.h">
      <Filter>Graphics</Filter>
    </ClInclude>
    <ClInclude Include="..\Graphics\GrScene.h">
      <Filter>Graphics</Filter>
    </ClInclude>
    <ClInclude Include="..\Graphics\GrSceneRender.h">
      <Filter>Graphics</Filter>
    </ClInclude>
    <ClInclude Include="..\Graphics\GrSceneTraverser.h">
      <Filter>Graphics</Filter>
    </ClInclude>
    <ClInclude Include="..\Graphics\GrShader.h">
      <Filter>Graphics</Filter>
    </ClInclude>
    <ClInclude Include="..\Graphics\GrShaderMgr.h">
      <Filter>Graphics</Filter>
    </ClInclude>
    <ClInclude Include="..\Graphics\GrShadowBuffer.h">
      <Filter>Graphics</Filter>
    </ClInclude>
    <ClInclude Include="..\Graphics\GrSkin.h">
      <Filter>Graphics</Filter>
    </ClInclude>
    <ClInclude Include="..\Graphics\GrSkinInst.h">
      <Filter>Graphics</Filter>
    </ClInclude>
    <ClInclude Include="..\Graphics\GrSoftwareRasterizer.h">
      <Filter>Graphics</Filter>
    </ClInclude>
    <ClInclude Include="..\Graphics\GrSoftwareRTBase.h">
      <Filter>Graphics</Filter>
    </ClInclude>
    <ClInclude Include="..\Graphics\GrSoftwareRTBuffer.h">
      <Filter>Graphics</Filter>
    </ClInclude>
    <ClInclude Include="..\Graphics\GrSoftwareSampler.h">
      <Filter>Graphics</Filter>
    </ClInclude>
    <ClInclude Include="..\Graphics\GrSoftwareTexture.h">
      <Filter>Graphics</Filter>
    </ClInclude>
    <ClInclude Include="..\Graphics\GrSoftwareTextureMgr.h">
      <Filter>Graphics</Filter>
    </ClInclude>
    <ClInclude Include="..\Graphics\GrStreamingIB.h">
      <Filter>Graphics</Filter>
    </ClInclude>
    <ClInclude Include="..\Graphics\GrSubsys.h">
      <Filter>Graphics</Filter>
    </ClInclude>
    <ClInclude Include="..\Graphics\GrTexGen.h">
      <Filter>Graphics</Filter>
    </ClInclude>
    <ClInclude Include="..\Graphics\GrTexture.h">
      <Filter>Graphics</Filter>
    </ClInclude>
    <ClInclude Include="..\Graphics\GrTexture3D.h">
      <Filter>Graphics</Filter>
    </ClInclude>
    <ClInclude Include="..\Graphics\GrTextureBase.h">
      <Filter>Graphics</Filter>
    </ClInclude>
    <ClInclude Include="..\Graphics\GrTextureCube.h">
      <Filter>Graphics</Filter>
    </ClInclude>
    <ClInclude Include="..\Graphics\GrTextureMgr.h">
      <Filter>Graphics</Filter>
    </ClInclude>
    <ClInclude Include="..\Graphics\GrTextureRect.h">
      <Filter>Graphics</Filter>
    </ClInclude>
    <ClInclude Include="..\Graphics\GrTextureSet.h">
      <Filter>Graphics</Filter>
    </ClInclude>
    <ClInclude Include="..\Graphics\GrTextureStage.h">
      <Filter>Graphics</Filter>
    </ClInclude>
    <ClInclude Include="..\Graphics\GrTSGen.h">
      <Filter>Graphics</Filter>
    </ClInclude>
    <ClInclude Include="..\Graphics\GrTypes.h">
      <Filter>Graphics</Filter>
    </ClInclude>
    <ClInclude Include="..\Graphics\GrUberDetailCache.h">
      <Filter>Graphics</Filter>
    </ClInclude>
    <ClInclude Include="..\Graphics\GrUberPatchSet.h">
      <Filter>Graphics</Filter>
    </ClInclude>
    <ClInclude Include="..\Graphics\GrUberTexture.h">
      <Filter>Graphics</Filter>
    </ClInclude>
    <ClInclude Include="..\Graphics\GrUberTextureMgr.h">
      <Filter>Graphics</Filter>
    </ClInclude>
    <ClInclude Include="..\Graphics\GrUberTileAtlas.h">
      <Filter>Graphics</Filter>
    </ClInclude>
    <ClInclude Include="..\Graphics\GrUTAtlas.h">
      <Filter>Graphics</Filter>
    </ClInclude>
    <ClInclude Include="..\Graphics\GrUTCompress.h">
      <Filter>Graphics</Filter>
    </ClInclude>
    <ClInclude Include="..\Graphics\GrUtil.h">
      <Filter>Graphics</Filter>
    </ClInclude>
    <ClInclude Include="..\Graphics\GrUTLoader.h">
      <Filter>Graphics</Filter>
    </ClInclude>
    <ClInclude Include="..\Graphics\GrUTSysTileCache.h">
      <Filter>Graphics</Filter>
    </ClInclude>
    <ClInclude Include="..\Graphics\GrVirtualShadowPage.h">
      <Filter>Graphics</Filter>
    </ClInclude>
    <ClInclude Include="..\Graphics\GrVirtualShadowSegmentSet.h">
      <Filter>Graphics</Filter>
    </ClInclude>
    <ClInclude Include="..\Graphics\wglext.h">
      <Filter>Graphics</Filter>
    </ClInclude>
    <ClInclude Include="..\Graphics\NVTriStrip\NvTriStrip.h">
      <Filter>Graphics\NVTriStrip</Filter>
    </ClInclude>
    <ClInclude Include="..\Graphics\NVTriStrip\NvTriStripObjects.h">
      <Filter>Graphics\NVTriStrip</Filter>
    </ClInclude>
    <ClInclude Include="..\Graphics\NVTriStrip\VertexCache.h">
      <Filter>Graphics\NVTriStrip</Filter>
    </ClInclude>
    <ClInclude Include="..\Test\Compress.h">
      <Filter>Test</Filter>
    </ClInclude>
    <ClInclude Include="..\Test\test_afx.h">
      <Filter>Test</Filter>
    </ClInclude>
    <ClInclude Include="..\Test\TGeomCompress.h">
      <Filter>Test</Filter>
    </ClInclude>
  </ItemGroup>
</Project>